
Microsoft Visual Studio Solution File, Format Version 12.00
# Visual Studio Version 17
VisualStudioVersion = 17.12.35527.113
MinimumVisualStudioVersion = 10.0.40219.1
Project("{2150E333-8FDC-42A3-9474-1A3956D46DE8}") = "20. Blazor intro", "20. Blazor intro", "{D7E84138-0B53-4911-9249-368306BA0D9F}"
EndProject
Project("{FAE04EC0-301F-11D3-BF4B-00C04F79EFBC}") = "BlazorWebApp", "BlazorWebApp\BlazorWebApp.csproj", "{83BCACF8-E82C-4F7A-AB71-3330CDA08F07}"
EndProject
Project("{FAE04EC0-301F-11D3-BF4B-00C04F79EFBC}") = "RazorPagesWebApp", "RazorPagesWebApp\RazorPagesWebApp.csproj", "{A9AB1483-82EC-4B9B-A968-C62D93C96498}"
EndProject
Project("{2150E333-8FDC-42A3-9474-1A3956D46DE8}") = "21. Binding", "21. Binding", "{CCE20928-D2FF-42F9-920B-A3BFA1D3BF9D}"
EndProject
Project("{FAE04EC0-301F-11D3-BF4B-00C04F79EFBC}") = "SimpleBinding", "SimpleBinding\SimpleBinding.csproj", "{E4EB1DE4-7106-44E8-BEDA-0F4257BBED16}"
EndProject
Project("{2150E333-8FDC-42A3-9474-1A3956D46DE8}") = "22. Dependency Injection", "22. Dependency Injection", "{9463417C-56BE-46E5-A829-55349F8814B4}"
EndProject
Project("{FAE04EC0-301F-11D3-BF4B-00C04F79EFBC}") = "BlazorWasmDI", "BlazorWasmDI\BlazorWasmDI.csproj", "{0418B9BF-8B51-456E-ABE4-B2E48F80E4E8}"
EndProject
Project("{FAE04EC0-301F-11D3-BF4B-00C04F79EFBC}") = "DISharedServices", "DISharedServices\DISharedServices.csproj", "{714AF67A-B79D-410F-BCCE-9F57A5B3E80A}"
EndProject
Project("{FAE04EC0-301F-11D3-BF4B-00C04F79EFBC}") = "BlazorServerDI", "BlazorServerDI\BlazorServerDI.csproj", "{D6C471FF-EEBF-4FB2-BE99-1B58DAF069DA}"
EndProject
Project("{2150E333-8FDC-42A3-9474-1A3956D46DE8}") = "23. Routing og Navigation", "23. Routing og Navigation", "{106E2AAC-6961-43C3-AA7C-16C0D7274E94}"
EndProject
Project("{FAE04EC0-301F-11D3-BF4B-00C04F79EFBC}") = "RoutingExample", "RoutingExample\RoutingExample.csproj", "{6FDBD6EE-7782-467C-8115-957302DC439D}"
EndProject
Project("{2150E333-8FDC-42A3-9474-1A3956D46DE8}") = "24. Components", "24. Components", "{72F7BDD3-3EFA-42CE-A5B8-AF6501526EB4}"
EndProject
Project("{FAE04EC0-301F-11D3-BF4B-00C04F79EFBC}") = "NavigationExample", "NavigationExample\NavigationExample.csproj", "{D9ED2E21-E3B9-4B08-8AE3-B2198EB83F6E}"
EndProject
Project("{2150E333-8FDC-42A3-9474-1A3956D46DE8}") = "24.1 Component Basics", "24.1 Component Basics", "{E602BE95-29BF-4CDE-8BE2-F86DEB27C89E}"
EndProject
Project("{FAE04EC0-301F-11D3-BF4B-00C04F79EFBC}") = "ComponentBasics", "ComponentBasics\ComponentBasics.csproj", "{9315FA51-9909-45EC-B7F3-F8D07FECFB5D}"
EndProject
Project("{2150E333-8FDC-42A3-9474-1A3956D46DE8}") = "24.2 Advanced Components", "24.2 Advanced Components", "{18FC95C5-63E9-4076-B580-F8A30D6BEF4B}"
EndProject
Project("{FAE04EC0-301F-11D3-BF4B-00C04F79EFBC}") = "AdvancedComponents", "AdvancedComponents\AdvancedComponents.csproj", "{ABDA4E6E-FD25-49BD-9AE1-3AF1257FA0D8}"
EndProject
Project("{2150E333-8FDC-42A3-9474-1A3956D46DE8}") = "25. Forms og Validation", "25. Forms og Validation", "{CB5470C9-E975-4888-A855-AACBE428480B}"
EndProject
Project("{2150E333-8FDC-42A3-9474-1A3956D46DE8}") = "25.1 Forms", "25.1 Forms", "{3ABEEE54-E874-4399-9D7F-E89BF61089E9}"
EndProject
Project("{FAE04EC0-301F-11D3-BF4B-00C04F79EFBC}") = "FormsEksempel", "FormsEksempel\FormsEksempel.csproj", "{9912DC17-BB06-4E7F-93E9-A8B5D3838AF3}"
EndProject
Project("{2150E333-8FDC-42A3-9474-1A3956D46DE8}") = "26. Session-Local Storage", "26. Session-Local Storage", "{21B8F354-9DD1-48FC-820B-64EBE0C767D7}"
EndProject
Project("{FAE04EC0-301F-11D3-BF4B-00C04F79EFBC}") = "LocalStorageDemo", "LocalStorageDemo\LocalStorageDemo.csproj", "{40460088-4C57-4D34-B3EC-8C3D00216EF4}"
EndProject
Project("{FAE04EC0-301F-11D3-BF4B-00C04F79EFBC}") = "SessionStorageDemo", "SessionStorageDemo\SessionStorageDemo.csproj", "{A4891E82-6070-462F-9FFC-DCC3AC40EDB3}"
EndProject
Global
	GlobalSection(SolutionConfigurationPlatforms) = preSolution
		Debug|Any CPU = Debug|Any CPU
		Release|Any CPU = Release|Any CPU
	EndGlobalSection
	GlobalSection(ProjectConfigurationPlatforms) = postSolution
		{83BCACF8-E82C-4F7A-AB71-3330CDA08F07}.Debug|Any CPU.ActiveCfg = Debug|Any CPU
		{83BCACF8-E82C-4F7A-AB71-3330CDA08F07}.Debug|Any CPU.Build.0 = Debug|Any CPU
		{83BCACF8-E82C-4F7A-AB71-3330CDA08F07}.Release|Any CPU.ActiveCfg = Release|Any CPU
		{83BCACF8-E82C-4F7A-AB71-3330CDA08F07}.Release|Any CPU.Build.0 = Release|Any CPU
		{A9AB1483-82EC-4B9B-A968-C62D93C96498}.Debug|Any CPU.ActiveCfg = Debug|Any CPU
		{A9AB1483-82EC-4B9B-A968-C62D93C96498}.Debug|Any CPU.Build.0 = Debug|Any CPU
		{A9AB1483-82EC-4B9B-A968-C62D93C96498}.Release|Any CPU.ActiveCfg = Release|Any CPU
		{A9AB1483-82EC-4B9B-A968-C62D93C96498}.Release|Any CPU.Build.0 = Release|Any CPU
		{E4EB1DE4-7106-44E8-BEDA-0F4257BBED16}.Debug|Any CPU.ActiveCfg = Debug|Any CPU
		{E4EB1DE4-7106-44E8-BEDA-0F4257BBED16}.Debug|Any CPU.Build.0 = Debug|Any CPU
		{E4EB1DE4-7106-44E8-BEDA-0F4257BBED16}.Release|Any CPU.ActiveCfg = Release|Any CPU
		{E4EB1DE4-7106-44E8-BEDA-0F4257BBED16}.Release|Any CPU.Build.0 = Release|Any CPU
		{0418B9BF-8B51-456E-ABE4-B2E48F80E4E8}.Debug|Any CPU.ActiveCfg = Debug|Any CPU
		{0418B9BF-8B51-456E-ABE4-B2E48F80E4E8}.Debug|Any CPU.Build.0 = Debug|Any CPU
		{0418B9BF-8B51-456E-ABE4-B2E48F80E4E8}.Release|Any CPU.ActiveCfg = Release|Any CPU
		{0418B9BF-8B51-456E-ABE4-B2E48F80E4E8}.Release|Any CPU.Build.0 = Release|Any CPU
		{714AF67A-B79D-410F-BCCE-9F57A5B3E80A}.Debug|Any CPU.ActiveCfg = Debug|Any CPU
		{714AF67A-B79D-410F-BCCE-9F57A5B3E80A}.Debug|Any CPU.Build.0 = Debug|Any CPU
		{714AF67A-B79D-410F-BCCE-9F57A5B3E80A}.Release|Any CPU.ActiveCfg = Release|Any CPU
		{714AF67A-B79D-410F-BCCE-9F57A5B3E80A}.Release|Any CPU.Build.0 = Release|Any CPU
		{D6C471FF-EEBF-4FB2-BE99-1B58DAF069DA}.Debug|Any CPU.ActiveCfg = Debug|Any CPU
		{D6C471FF-EEBF-4FB2-BE99-1B58DAF069DA}.Debug|Any CPU.Build.0 = Debug|Any CPU
		{D6C471FF-EEBF-4FB2-BE99-1B58DAF069DA}.Release|Any CPU.ActiveCfg = Release|Any CPU
		{D6C471FF-EEBF-4FB2-BE99-1B58DAF069DA}.Release|Any CPU.Build.0 = Release|Any CPU
		{6FDBD6EE-7782-467C-8115-957302DC439D}.Debug|Any CPU.ActiveCfg = Debug|Any CPU
		{6FDBD6EE-7782-467C-8115-957302DC439D}.Debug|Any CPU.Build.0 = Debug|Any CPU
		{6FDBD6EE-7782-467C-8115-957302DC439D}.Release|Any CPU.ActiveCfg = Release|Any CPU
		{6FDBD6EE-7782-467C-8115-957302DC439D}.Release|Any CPU.Build.0 = Release|Any CPU
		{D9ED2E21-E3B9-4B08-8AE3-B2198EB83F6E}.Debug|Any CPU.ActiveCfg = Debug|Any CPU
		{D9ED2E21-E3B9-4B08-8AE3-B2198EB83F6E}.Debug|Any CPU.Build.0 = Debug|Any CPU
		{D9ED2E21-E3B9-4B08-8AE3-B2198EB83F6E}.Release|Any CPU.ActiveCfg = Release|Any CPU
		{D9ED2E21-E3B9-4B08-8AE3-B2198EB83F6E}.Release|Any CPU.Build.0 = Release|Any CPU
		{9315FA51-9909-45EC-B7F3-F8D07FECFB5D}.Debug|Any CPU.ActiveCfg = Debug|Any CPU
		{9315FA51-9909-45EC-B7F3-F8D07FECFB5D}.Debug|Any CPU.Build.0 = Debug|Any CPU
		{9315FA51-9909-45EC-B7F3-F8D07FECFB5D}.Release|Any CPU.ActiveCfg = Release|Any CPU
		{9315FA51-9909-45EC-B7F3-F8D07FECFB5D}.Release|Any CPU.Build.0 = Release|Any CPU
		{ABDA4E6E-FD25-49BD-9AE1-3AF1257FA0D8}.Debug|Any CPU.ActiveCfg = Debug|Any CPU
		{ABDA4E6E-FD25-49BD-9AE1-3AF1257FA0D8}.Debug|Any CPU.Build.0 = Debug|Any CPU
		{ABDA4E6E-FD25-49BD-9AE1-3AF1257FA0D8}.Release|Any CPU.ActiveCfg = Release|Any CPU
		{ABDA4E6E-FD25-49BD-9AE1-3AF1257FA0D8}.Release|Any CPU.Build.0 = Release|Any CPU
		{9912DC17-BB06-4E7F-93E9-A8B5D3838AF3}.Debug|Any CPU.ActiveCfg = Debug|Any CPU
		{9912DC17-BB06-4E7F-93E9-A8B5D3838AF3}.Debug|Any CPU.Build.0 = Debug|Any CPU
		{9912DC17-BB06-4E7F-93E9-A8B5D3838AF3}.Release|Any CPU.ActiveCfg = Release|Any CPU
		{9912DC17-BB06-4E7F-93E9-A8B5D3838AF3}.Release|Any CPU.Build.0 = Release|Any CPU
		{40460088-4C57-4D34-B3EC-8C3D00216EF4}.Debug|Any CPU.ActiveCfg = Debug|Any CPU
		{40460088-4C57-4D34-B3EC-8C3D00216EF4}.Debug|Any CPU.Build.0 = Debug|Any CPU
		{40460088-4C57-4D34-B3EC-8C3D00216EF4}.Release|Any CPU.ActiveCfg = Release|Any CPU
		{40460088-4C57-4D34-B3EC-8C3D00216EF4}.Release|Any CPU.Build.0 = Release|Any CPU
		{A4891E82-6070-462F-9FFC-DCC3AC40EDB3}.Debug|Any CPU.ActiveCfg = Debug|Any CPU
		{A4891E82-6070-462F-9FFC-DCC3AC40EDB3}.Debug|Any CPU.Build.0 = Debug|Any CPU
		{A4891E82-6070-462F-9FFC-DCC3AC40EDB3}.Release|Any CPU.ActiveCfg = Release|Any CPU
		{A4891E82-6070-462F-9FFC-DCC3AC40EDB3}.Release|Any CPU.Build.0 = Release|Any CPU
	EndGlobalSection
	GlobalSection(SolutionProperties) = preSolution
		HideSolutionNode = FALSE
	EndGlobalSection
	GlobalSection(NestedProjects) = preSolution
		{83BCACF8-E82C-4F7A-AB71-3330CDA08F07} = {D7E84138-0B53-4911-9249-368306BA0D9F}
		{A9AB1483-82EC-4B9B-A968-C62D93C96498} = {D7E84138-0B53-4911-9249-368306BA0D9F}
		{E4EB1DE4-7106-44E8-BEDA-0F4257BBED16} = {CCE20928-D2FF-42F9-920B-A3BFA1D3BF9D}
		{0418B9BF-8B51-456E-ABE4-B2E48F80E4E8} = {9463417C-56BE-46E5-A829-55349F8814B4}
		{714AF67A-B79D-410F-BCCE-9F57A5B3E80A} = {9463417C-56BE-46E5-A829-55349F8814B4}
		{D6C471FF-EEBF-4FB2-BE99-1B58DAF069DA} = {9463417C-56BE-46E5-A829-55349F8814B4}
		{6FDBD6EE-7782-467C-8115-957302DC439D} = {106E2AAC-6961-43C3-AA7C-16C0D7274E94}
		{D9ED2E21-E3B9-4B08-8AE3-B2198EB83F6E} = {106E2AAC-6961-43C3-AA7C-16C0D7274E94}
		{E602BE95-29BF-4CDE-8BE2-F86DEB27C89E} = {72F7BDD3-3EFA-42CE-A5B8-AF6501526EB4}
		{9315FA51-9909-45EC-B7F3-F8D07FECFB5D} = {E602BE95-29BF-4CDE-8BE2-F86DEB27C89E}
		{18FC95C5-63E9-4076-B580-F8A30D6BEF4B} = {72F7BDD3-3EFA-42CE-A5B8-AF6501526EB4}
		{ABDA4E6E-FD25-49BD-9AE1-3AF1257FA0D8} = {18FC95C5-63E9-4076-B580-F8A30D6BEF4B}
		{3ABEEE54-E874-4399-9D7F-E89BF61089E9} = {CB5470C9-E975-4888-A855-AACBE428480B}
		{9912DC17-BB06-4E7F-93E9-A8B5D3838AF3} = {3ABEEE54-E874-4399-9D7F-E89BF61089E9}
		{40460088-4C57-4D34-B3EC-8C3D00216EF4} = {21B8F354-9DD1-48FC-820B-64EBE0C767D7}
		{A4891E82-6070-462F-9FFC-DCC3AC40EDB3} = {21B8F354-9DD1-48FC-820B-64EBE0C767D7}
	EndGlobalSection
EndGlobal
